
Microsoft Visual Studio Solution File, Format Version 12.00
# Visual Studio 15
VisualStudioVersion = 15.0.28307.168
MinimumVisualStudioVersion = 10.0.40219.1
Project("{FAE04EC0-301F-11D3-BF4B-00C04F79EFBC}") = "PrantiksmeApp", "PrantiksmeApp\PrantiksmeApp.csproj", "{43EBAEF9-538F-49FE-91E3-5F5FA3E09BEC}"
EndProject
Project("{FAE04EC0-301F-11D3-BF4B-00C04F79EFBC}") = "PrantiksmeApp.Models", "PrantiksmeApp.Models\PrantiksmeApp.Models.csproj", "{0B89D922-0896-4502-8A3F-198FBBA9BDBF}"
EndProject
Project("{FAE04EC0-301F-11D3-BF4B-00C04F79EFBC}") = "PrantiksmeApp.BLL", "PrantiksmeApp.BLL\PrantiksmeApp.BLL.csproj", "{7E437056-6382-4B22-85CA-0BD0B0DA9CDA}"
EndProject
Project("{FAE04EC0-301F-11D3-BF4B-00C04F79EFBC}") = "PrantiksmeApp.Repository", "PrantiksmeApp.Repository\PrantiksmeApp.Repository.csproj", "{B09936F4-413F-4FD4-A8ED-242CB5E75D30}"
EndProject
Project("{FAE04EC0-301F-11D3-BF4B-00C04F79EFBC}") = "PrantiksmeApp.BLL.Contracts", "PrantiksmeApp.BLL.Contracts\PrantiksmeApp.BLL.Contracts.csproj", "{CA2AFA64-A81F-443F-8840-8DD3B756E046}"
EndProject
Project("{FAE04EC0-301F-11D3-BF4B-00C04F79EFBC}") = "PrantiksmeApp.Repository.Contracts", "PrantiksmeApp.Repository.Contracts\PrantiksmeApp.Repository.Contracts.csproj", "{C827F490-0600-4299-A8A1-2BD890103C46}"
EndProject
Project("{FAE04EC0-301F-11D3-BF4B-00C04F79EFBC}") = "PrantiksmeApp.Reporting", "PrantiksmeApp.Reporting\PrantiksmeApp.Reporting.csproj", "{3D4493F9-ACB0-487D-9288-3972DC4D37E8}"
EndProject
Project("{FAE04EC0-301F-11D3-BF4B-00C04F79EFBC}") = "PrantiksmeApp.IoCContainer", "PrantiksmeApp.IoCcontainer\PrantiksmeApp.IoCContainer.csproj", "{B31A1548-5413-4AED-BA6D-18648794BC5F}"
EndProject
Global
	GlobalSection(SolutionConfigurationPlatforms) = preSolution
		Debug|Any CPU = Debug|Any CPU
		Release|Any CPU = Release|Any CPU
	EndGlobalSection
	GlobalSection(ProjectConfigurationPlatforms) = postSolution
		{43EBAEF9-538F-49FE-91E3-5F5FA3E09BEC}.Debug|Any CPU.ActiveCfg = Debug|Any CPU
		{43EBAEF9-538F-49FE-91E3-5F5FA3E09BEC}.Debug|Any CPU.Build.0 = Debug|Any CPU
		{43EBAEF9-538F-49FE-91E3-5F5FA3E09BEC}.Release|Any CPU.ActiveCfg = Release|Any CPU
		{43EBAEF9-538F-49FE-91E3-5F5FA3E09BEC}.Release|Any CPU.Build.0 = Release|Any CPU
		{0B89D922-0896-4502-8A3F-198FBBA9BDBF}.Debug|Any CPU.ActiveCfg = Debug|Any CPU
		{0B89D922-0896-4502-8A3F-198FBBA9BDBF}.Debug|Any CPU.Build.0 = Debug|Any CPU
		{0B89D922-0896-4502-8A3F-198FBBA9BDBF}.Release|Any CPU.ActiveCfg = Release|Any CPU
		{0B89D922-0896-4502-8A3F-198FBBA9BDBF}.Release|Any CPU.Build.0 = Release|Any CPU
		{7E437056-6382-4B22-85CA-0BD0B0DA9CDA}.Debug|Any CPU.ActiveCfg = Debug|Any CPU
		{7E437056-6382-4B22-85CA-0BD0B0DA9CDA}.Debug|Any CPU.Build.0 = Debug|Any CPU
		{7E437056-6382-4B22-85CA-0BD0B0DA9CDA}.Release|Any CPU.ActiveCfg = Release|Any CPU
		{7E437056-6382-4B22-85CA-0BD0B0DA9CDA}.Release|Any CPU.Build.0 = Release|Any CPU
		{B09936F4-413F-4FD4-A8ED-242CB5E75D30}.Debug|Any CPU.ActiveCfg = Debug|Any CPU
		{B09936F4-413F-4FD4-A8ED-242CB5E75D30}.Debug|Any CPU.Build.0 = Debug|Any CPU
		{B09936F4-413F-4FD4-A8ED-242CB5E75D30}.Release|Any CPU.ActiveCfg = Release|Any CPU
		{B09936F4-413F-4FD4-A8ED-242CB5E75D30}.Release|Any CPU.Build.0 = Release|Any CPU
		{CA2AFA64-A81F-443F-8840-8DD3B756E046}.Debug|Any CPU.ActiveCfg = Debug|Any CPU
		{CA2AFA64-A81F-443F-8840-8DD3B756E046}.Debug|Any CPU.Build.0 = Debug|Any CPU
		{CA2AFA64-A81F-443F-8840-8DD3B756E046}.Release|Any CPU.ActiveCfg = Release|Any CPU
		{CA2AFA64-A81F-443F-8840-8DD3B756E046}.Release|Any CPU.Build.0 = Release|Any CPU
		{C827F490-0600-4299-A8A1-2BD890103C46}.Debug|Any CPU.ActiveCfg = Debug|Any CPU
		{C827F490-0600-4299-A8A1-2BD890103C46}.Debug|Any CPU.Build.0 = Debug|Any CPU
		{C827F490-0600-4299-A8A1-2BD890103C46}.Release|Any CPU.ActiveCfg = Release|Any CPU
		{C827F490-0600-4299-A8A1-2BD890103C46}.Release|Any CPU.Build.0 = Release|Any CPU
		{3D4493F9-ACB0-487D-9288-3972DC4D37E8}.Debug|Any CPU.ActiveCfg = Debug|Any CPU
		{3D4493F9-ACB0-487D-9288-3972DC4D37E8}.Debug|Any CPU.Build.0 = Debug|Any CPU
		{3D4493F9-ACB0-487D-9288-3972DC4D37E8}.Release|Any CPU.ActiveCfg = Release|Any CPU
		{3D4493F9-ACB0-487D-9288-3972DC4D37E8}.Release|Any CPU.Build.0 = Release|Any CPU
		{B31A1548-5413-4AED-BA6D-18648794BC5F}.Debug|Any CPU.ActiveCfg = Debug|Any CPU
		{B31A1548-5413-4AED-BA6D-18648794BC5F}.Debug|Any CPU.Build.0 = Debug|Any CPU
		{B31A1548-5413-4AED-BA6D-18648794BC5F}.Release|Any CPU.ActiveCfg = Release|Any CPU
		{B31A1548-5413-4AED-BA6D-18648794BC5F}.Release|Any CPU.Build.0 = Release|Any CPU
	EndGlobalSection
	GlobalSection(SolutionProperties) = preSolution
		HideSolutionNode = FALSE
	EndGlobalSection
	GlobalSection(ExtensibilityGlobals) = postSolution
		SolutionGuid = {2979EB6F-F8FE-4131-A8C7-7E9CE9BD2C65}
	EndGlobalSection
EndGlobal
