
Microsoft Visual Studio Solution File, Format Version 12.00
# Visual Studio 15
VisualStudioVersion = 15.0.28307.168
MinimumVisualStudioVersion = 10.0.40219.1
Project("{FAE04EC0-301F-11D3-BF4B-00C04F79EFBC}") = "PrantiksmeApp", "PrantiksmeApp\PrantiksmeApp.csproj", "{43EBAEF9-538F-49FE-91E3-5F5FA3E09BEC}"
EndProject
Project("{FAE04EC0-301F-11D3-BF4B-00C04F79EFBC}") = "PrantiksmeApp.Repository.Contracts", "PrantiksmeApp.Repository.Contracts1\PrantiksmeApp.Repository.Contracts.csproj", "{C924E974-D023-4DD8-B1B7-0F18B58FE5B9}"
EndProject
Project("{FAE04EC0-301F-11D3-BF4B-00C04F79EFBC}") = "PrantiksmeApp.Reporting", "PrantiksmeApp.Reporting1\PrantiksmeApp.Reporting.csproj", "{F61B787E-8014-49E3-A3A0-C684F2F87FC0}"
EndProject
Project("{FAE04EC0-301F-11D3-BF4B-00C04F79EFBC}") = "PrantiksmeApp.Repository", "PrantiksmeApp.Repository1\PrantiksmeApp.Repository.csproj", "{A3A18981-DA39-427A-AB4B-8F093CB4D76B}"
EndProject
Project("{FAE04EC0-301F-11D3-BF4B-00C04F79EFBC}") = "PrantiksmeApp.BLL", "PrantiksmeApp.BLL1\PrantiksmeApp.BLL.csproj", "{CCA57DCB-C5F5-4A76-A14B-473683C5CF4E}"
EndProject
Project("{FAE04EC0-301F-11D3-BF4B-00C04F79EFBC}") = "PrantiksmeApp.BLL.Contracts", "PrantiksmeApp.BLL.Contracts1\PrantiksmeApp.BLL.Contracts.csproj", "{90C3FB89-F0C5-4145-999E-B3FB5FF69F3F}"
EndProject
Project("{FAE04EC0-301F-11D3-BF4B-00C04F79EFBC}") = "PrantiksmeApp.IoCContainer", "PrantiksmeApp.IoCContainer1\PrantiksmeApp.IoCContainer.csproj", "{534615BD-5526-49C8-B2AA-6D7487DF5519}"
EndProject
Project("{FAE04EC0-301F-11D3-BF4B-00C04F79EFBC}") = "PrantiksmeApp.Models", "PrantiksmeApp.Models1\PrantiksmeApp.Models.csproj", "{19D2EFD8-25B9-4A0D-B1A5-1665C8508999}"
EndProject
Global
	GlobalSection(SolutionConfigurationPlatforms) = preSolution
		Debug|Any CPU = Debug|Any CPU
		Release|Any CPU = Release|Any CPU
	EndGlobalSection
	GlobalSection(ProjectConfigurationPlatforms) = postSolution
		{43EBAEF9-538F-49FE-91E3-5F5FA3E09BEC}.Debug|Any CPU.ActiveCfg = Debug|Any CPU
		{43EBAEF9-538F-49FE-91E3-5F5FA3E09BEC}.Debug|Any CPU.Build.0 = Debug|Any CPU
		{43EBAEF9-538F-49FE-91E3-5F5FA3E09BEC}.Release|Any CPU.ActiveCfg = Release|Any CPU
		{43EBAEF9-538F-49FE-91E3-5F5FA3E09BEC}.Release|Any CPU.Build.0 = Release|Any CPU
		{C924E974-D023-4DD8-B1B7-0F18B58FE5B9}.Debug|Any CPU.ActiveCfg = Debug|Any CPU
		{C924E974-D023-4DD8-B1B7-0F18B58FE5B9}.Debug|Any CPU.Build.0 = Debug|Any CPU
		{C924E974-D023-4DD8-B1B7-0F18B58FE5B9}.Release|Any CPU.ActiveCfg = Release|Any CPU
		{C924E974-D023-4DD8-B1B7-0F18B58FE5B9}.Release|Any CPU.Build.0 = Release|Any CPU
		{F61B787E-8014-49E3-A3A0-C684F2F87FC0}.Debug|Any CPU.ActiveCfg = Debug|Any CPU
		{F61B787E-8014-49E3-A3A0-C684F2F87FC0}.Debug|Any CPU.Build.0 = Debug|Any CPU
		{F61B787E-8014-49E3-A3A0-C684F2F87FC0}.Release|Any CPU.ActiveCfg = Release|Any CPU
		{F61B787E-8014-49E3-A3A0-C684F2F87FC0}.Release|Any CPU.Build.0 = Release|Any CPU
		{A3A18981-DA39-427A-AB4B-8F093CB4D76B}.Debug|Any CPU.ActiveCfg = Debug|Any CPU
		{A3A18981-DA39-427A-AB4B-8F093CB4D76B}.Debug|Any CPU.Build.0 = Debug|Any CPU
		{A3A18981-DA39-427A-AB4B-8F093CB4D76B}.Release|Any CPU.ActiveCfg = Release|Any CPU
		{A3A18981-DA39-427A-AB4B-8F093CB4D76B}.Release|Any CPU.Build.0 = Release|Any CPU
		{CCA57DCB-C5F5-4A76-A14B-473683C5CF4E}.Debug|Any CPU.ActiveCfg = Debug|Any CPU
		{CCA57DCB-C5F5-4A76-A14B-473683C5CF4E}.Debug|Any CPU.Build.0 = Debug|Any CPU
		{CCA57DCB-C5F5-4A76-A14B-473683C5CF4E}.Release|Any CPU.ActiveCfg = Release|Any CPU
		{CCA57DCB-C5F5-4A76-A14B-473683C5CF4E}.Release|Any CPU.Build.0 = Release|Any CPU
		{90C3FB89-F0C5-4145-999E-B3FB5FF69F3F}.Debug|Any CPU.ActiveCfg = Debug|Any CPU
		{90C3FB89-F0C5-4145-999E-B3FB5FF69F3F}.Debug|Any CPU.Build.0 = Debug|Any CPU
		{90C3FB89-F0C5-4145-999E-B3FB5FF69F3F}.Release|Any CPU.ActiveCfg = Release|Any CPU
		{90C3FB89-F0C5-4145-999E-B3FB5FF69F3F}.Release|Any CPU.Build.0 = Release|Any CPU
		{534615BD-5526-49C8-B2AA-6D7487DF5519}.Debug|Any CPU.ActiveCfg = Debug|Any CPU
		{534615BD-5526-49C8-B2AA-6D7487DF5519}.Debug|Any CPU.Build.0 = Debug|Any CPU
		{534615BD-5526-49C8-B2AA-6D7487DF5519}.Release|Any CPU.ActiveCfg = Release|Any CPU
		{534615BD-5526-49C8-B2AA-6D7487DF5519}.Release|Any CPU.Build.0 = Release|Any CPU
		{19D2EFD8-25B9-4A0D-B1A5-1665C8508999}.Debug|Any CPU.ActiveCfg = Debug|Any CPU
		{19D2EFD8-25B9-4A0D-B1A5-1665C8508999}.Debug|Any CPU.Build.0 = Debug|Any CPU
		{19D2EFD8-25B9-4A0D-B1A5-1665C8508999}.Release|Any CPU.ActiveCfg = Release|Any CPU
		{19D2EFD8-25B9-4A0D-B1A5-1665C8508999}.Release|Any CPU.Build.0 = Release|Any CPU
	EndGlobalSection
	GlobalSection(SolutionProperties) = preSolution
		HideSolutionNode = FALSE
	EndGlobalSection
	GlobalSection(ExtensibilityGlobals) = postSolution
		SolutionGuid = {2979EB6F-F8FE-4131-A8C7-7E9CE9BD2C65}
	EndGlobalSection
EndGlobal
